
Microsoft Visual Studio Solution File, Format Version 12.00
# Visual Studio Version 17
VisualStudioVersion = 17.0.31903.59
MinimumVisualStudioVersion = 10.0.40219.1
Project("{FAE04EC0-301F-11D3-BF4B-00C04F79EFBC}") = "Backend.Api", "Backend.Api\Backend.Api.csproj", "{51C639B2-5F79-46A4-BC5E-8EF2ADEC2252}"
EndProject
Global
	GlobalSection(SolutionConfigurationPlatforms) = preSolution
		Debug|Any CPU = Debug|Any CPU
		Release|Any CPU = Release|Any CPU
	EndGlobalSection
	GlobalSection(SolutionProperties) = preSolution
		HideSolutionNode = FALSE
	EndGlobalSection
	GlobalSection(ProjectConfigurationPlatforms) = postSolution
		{51C639B2-5F79-46A4-BC5E-8EF2ADEC2252}.Debug|Any CPU.ActiveCfg = Debug|Any CPU
		{51C639B2-5F79-46A4-BC5E-8EF2ADEC2252}.Debug|Any CPU.Build.0 = Debug|Any CPU
		{51C639B2-5F79-46A4-BC5E-8EF2ADEC2252}.Release|Any CPU.ActiveCfg = Release|Any CPU
		{51C639B2-5F79-46A4-BC5E-8EF2ADEC2252}.Release|Any CPU.Build.0 = Release|Any CPU
	EndGlobalSection
EndGlobal
